// !$*UTF8*$!
{
	archiveVersion = 1;
	classes = {
	};
	objectVersion = 56;
	objects = {

/* Begin PBXBuildFile section */
		54EEE472295587B576FFFE34 /* libPods-Volt.a in Frameworks */ = {isa = PBXBuildFile; fileRef = 73738A299D6D02927E0C886A /* libPods-Volt.a */; };
		B00000000000000000000001 /* VoltApp.swift in Sources */ = {isa = PBXBuildFile; fileRef = C00000000000000000000001 /* VoltApp.swift */; };
		B00000000000000000000002 /* CaptureMode.swift in Sources */ = {isa = PBXBuildFile; fileRef = C00000000000000000000002 /* CaptureMode.swift */; };
		B00000000000000000000003 /* ScanResult.swift in Sources */ = {isa = PBXBuildFile; fileRef = C00000000000000000000003 /* ScanResult.swift */; };
		B00000000000000000000004 /* PairingSession.swift in Sources */ = {isa = PBXBuildFile; fileRef = C00000000000000000000004 /* PairingSession.swift */; };
		B00000000000000000000005 /* PairingURLParser.swift in Sources */ = {isa = PBXBuildFile; fileRef = C00000000000000000000005 /* PairingURLParser.swift */; };
		B00000000000000000000006 /* CameraModel.swift in Sources */ = {isa = PBXBuildFile; fileRef = C00000000000000000000006 /* CameraModel.swift */; };
		B00000000000000000000007 /* TextRecognizer.swift in Sources */ = {isa = PBXBuildFile; fileRef = C00000000000000000000007 /* TextRecognizer.swift */; };
		B00000000000000000000008 /* DictationModel.swift in Sources */ = {isa = PBXBuildFile; fileRef = C00000000000000000000008 /* DictationModel.swift */; };
		B00000000000000000000009 /* ScannerStore.swift in Sources */ = {isa = PBXBuildFile; fileRef = C00000000000000000000009 /* ScannerStore.swift */; };
		B0000000000000000000000A /* CameraPreview.swift in Sources */ = {isa = PBXBuildFile; fileRef = C0000000000000000000000A /* CameraPreview.swift */; };
		B0000000000000000000000B /* RootView.swift in Sources */ = {isa = PBXBuildFile; fileRef = C0000000000000000000000B /* RootView.swift */; };
		B0000000000000000000000C /* ScannerView.swift in Sources */ = {isa = PBXBuildFile; fileRef = C0000000000000000000000C /* ScannerView.swift */; };
		B0000000000000000000000D /* DictationView.swift in Sources */ = {isa = PBXBuildFile; fileRef = C0000000000000000000000D /* DictationView.swift */; };
		B0000000000000000000000E /* ResultsView.swift in Sources */ = {isa = PBXBuildFile; fileRef = C0000000000000000000000E /* ResultsView.swift */; };
		B0000000000000000000000F /* Images.xcassets in Resources */ = {isa = PBXBuildFile; fileRef = C0000000000000000000000F /* Images.xcassets */; };
		B00000000000000000000010 /* SplashScreen.storyboard in Resources */ = {isa = PBXBuildFile; fileRef = C00000000000000000000010 /* SplashScreen.storyboard */; };
		B00000000000000000000011 /* PrivacyInfo.xcprivacy in Resources */ = {isa = PBXBuildFile; fileRef = C00000000000000000000011 /* PrivacyInfo.xcprivacy */; };
		B00000000000000000000012 /* ScannerConnectionStatus.swift in Sources */ = {isa = PBXBuildFile; fileRef = C00000000000000000000016 /* ScannerConnectionStatus.swift */; };
		B00000000000000000000013 /* ScannerPeerTarget.swift in Sources */ = {isa = PBXBuildFile; fileRef = C00000000000000000000017 /* ScannerPeerTarget.swift */; };
		B00000000000000000000014 /* ScannerProtocol.swift in Sources */ = {isa = PBXBuildFile; fileRef = C00000000000000000000018 /* ScannerProtocol.swift */; };
		B00000000000000000000015 /* ScannerSignalingClient.swift in Sources */ = {isa = PBXBuildFile; fileRef = C00000000000000000000019 /* ScannerSignalingClient.swift */; };
		B00000000000000000000016 /* ScannerWebRTCConnection.swift in Sources */ = {isa = PBXBuildFile; fileRef = C0000000000000000000001A /* ScannerWebRTCConnection.swift */; };
		B00000000000000000000019 /* PairedScannerSession.swift in Sources */ = {isa = PBXBuildFile; fileRef = C0000000000000000000001C /* PairedScannerSession.swift */; };
		B0000000000000000000001A /* PairingSessionsView.swift in Sources */ = {isa = PBXBuildFile; fileRef = C0000000000000000000001D /* PairingSessionsView.swift */; };
		D9A5075C050CA191369BC391 /* ExpoModulesProvider.swift in Sources */ = {isa = PBXBuildFile; fileRef = 246E6467AFE9CE78CBAF489C /* ExpoModulesProvider.swift */; };
		B10000000000000000000001 /* ScannerStoreCaptureActions.swift in Sources */ = {isa = PBXBuildFile; fileRef = C10000000000000000000001 /* ScannerStoreCaptureActions.swift */; };
		B10000000000000000000002 /* ScannerStoreDictation.swift in Sources */ = {isa = PBXBuildFile; fileRef = C10000000000000000000002 /* ScannerStoreDictation.swift */; };
		B10000000000000000000003 /* ScannerStorePairedSessions.swift in Sources */ = {isa = PBXBuildFile; fileRef = C10000000000000000000003 /* ScannerStorePairedSessions.swift */; };
		B10000000000000000000004 /* PairingSecretStore.swift in Sources */ = {isa = PBXBuildFile; fileRef = C10000000000000000000004 /* PairingSecretStore.swift */; };
		B10000000000000000000005 /* CaptureSessionView.swift in Sources */ = {isa = PBXBuildFile; fileRef = C10000000000000000000005 /* CaptureSessionView.swift */; };
		B10000000000000000000006 /* CameraSessionControls.swift in Sources */ = {isa = PBXBuildFile; fileRef = C10000000000000000000006 /* CameraSessionControls.swift */; };
		B10000000000000000000007 /* ScannerCameraLayer.swift in Sources */ = {isa = PBXBuildFile; fileRef = C10000000000000000000007 /* ScannerCameraLayer.swift */; };
		B10000000000000000000008 /* CapturedResultRow.swift in Sources */ = {isa = PBXBuildFile; fileRef = C10000000000000000000008 /* CapturedResultRow.swift */; };
		B10000000000000000000009 /* CaptureDocks.swift in Sources */ = {isa = PBXBuildFile; fileRef = C10000000000000000000009 /* CaptureDocks.swift */; };
		B1000000000000000000000A /* OcrReviewLayer.swift in Sources */ = {isa = PBXBuildFile; fileRef = C1000000000000000000000A /* OcrReviewLayer.swift */; };
		B1000000000000000000000B /* CaptureGuideOverlay.swift in Sources */ = {isa = PBXBuildFile; fileRef = C1000000000000000000000B /* CaptureGuideOverlay.swift */; };
/* End PBXBuildFile section */

/* Begin PBXFileReference section */
		246E6467AFE9CE78CBAF489C /* ExpoModulesProvider.swift */ = {isa = PBXFileReference; includeInIndex = 1; lastKnownFileType = sourcecode.swift; name = ExpoModulesProvider.swift; path = "Pods/Target Support Files/Pods-Volt/ExpoModulesProvider.swift"; sourceTree = "<group>"; };
		577C15430A95FB0B1F9D6C10 /* Pods-Volt.debug.xcconfig */ = {isa = PBXFileReference; includeInIndex = 1; lastKnownFileType = text.xcconfig; name = "Pods-Volt.debug.xcconfig"; path = "Target Support Files/Pods-Volt/Pods-Volt.debug.xcconfig"; sourceTree = "<group>"; };
		73738A299D6D02927E0C886A /* libPods-Volt.a */ = {isa = PBXFileReference; explicitFileType = archive.ar; includeInIndex = 0; path = "libPods-Volt.a"; sourceTree = BUILT_PRODUCTS_DIR; };
		C00000000000000000000001 /* VoltApp.swift */ = {isa = PBXFileReference; lastKnownFileType = sourcecode.swift; path = VoltApp.swift; sourceTree = "<group>"; };
		C00000000000000000000002 /* CaptureMode.swift */ = {isa = PBXFileReference; lastKnownFileType = sourcecode.swift; path = CaptureMode.swift; sourceTree = "<group>"; };
		C00000000000000000000003 /* ScanResult.swift */ = {isa = PBXFileReference; lastKnownFileType = sourcecode.swift; path = ScanResult.swift; sourceTree = "<group>"; };
		C00000000000000000000004 /* PairingSession.swift */ = {isa = PBXFileReference; lastKnownFileType = sourcecode.swift; path = PairingSession.swift; sourceTree = "<group>"; };
		C00000000000000000000005 /* PairingURLParser.swift */ = {isa = PBXFileReference; lastKnownFileType = sourcecode.swift; path = PairingURLParser.swift; sourceTree = "<group>"; };
		C00000000000000000000006 /* CameraModel.swift */ = {isa = PBXFileReference; lastKnownFileType = sourcecode.swift; path = CameraModel.swift; sourceTree = "<group>"; };
		C00000000000000000000007 /* TextRecognizer.swift */ = {isa = PBXFileReference; lastKnownFileType = sourcecode.swift; path = TextRecognizer.swift; sourceTree = "<group>"; };
		C00000000000000000000008 /* DictationModel.swift */ = {isa = PBXFileReference; lastKnownFileType = sourcecode.swift; path = DictationModel.swift; sourceTree = "<group>"; };
		C00000000000000000000009 /* ScannerStore.swift */ = {isa = PBXFileReference; lastKnownFileType = sourcecode.swift; path = ScannerStore.swift; sourceTree = "<group>"; };
		C0000000000000000000000A /* CameraPreview.swift */ = {isa = PBXFileReference; lastKnownFileType = sourcecode.swift; path = CameraPreview.swift; sourceTree = "<group>"; };
		C0000000000000000000000B /* RootView.swift */ = {isa = PBXFileReference; lastKnownFileType = sourcecode.swift; path = RootView.swift; sourceTree = "<group>"; };
		C0000000000000000000000C /* ScannerView.swift */ = {isa = PBXFileReference; lastKnownFileType = sourcecode.swift; path = ScannerView.swift; sourceTree = "<group>"; };
		C0000000000000000000000D /* DictationView.swift */ = {isa = PBXFileReference; lastKnownFileType = sourcecode.swift; path = DictationView.swift; sourceTree = "<group>"; };
		C0000000000000000000000E /* ResultsView.swift */ = {isa = PBXFileReference; lastKnownFileType = sourcecode.swift; path = ResultsView.swift; sourceTree = "<group>"; };
		C0000000000000000000000F /* Images.xcassets */ = {isa = PBXFileReference; lastKnownFileType = folder.assetcatalog; path = Images.xcassets; sourceTree = "<group>"; };
		C00000000000000000000010 /* SplashScreen.storyboard */ = {isa = PBXFileReference; lastKnownFileType = file.storyboard; path = SplashScreen.storyboard; sourceTree = "<group>"; };
		C00000000000000000000011 /* PrivacyInfo.xcprivacy */ = {isa = PBXFileReference; lastKnownFileType = text.xml; path = PrivacyInfo.xcprivacy; sourceTree = "<group>"; };
		C00000000000000000000013 /* Info.plist */ = {isa = PBXFileReference; lastKnownFileType = text.plist.xml; path = Info.plist; sourceTree = "<group>"; };
		C00000000000000000000014 /* Volt.entitlements */ = {isa = PBXFileReference; lastKnownFileType = text.plist.entitlements; path = Volt.entitlements; sourceTree = "<group>"; };
		C00000000000000000000015 /* Volt.app */ = {isa = PBXFileReference; explicitFileType = wrapper.application; includeInIndex = 0; path = Volt.app; sourceTree = BUILT_PRODUCTS_DIR; };
		C00000000000000000000016 /* ScannerConnectionStatus.swift */ = {isa = PBXFileReference; lastKnownFileType = sourcecode.swift; path = ScannerConnectionStatus.swift; sourceTree = "<group>"; };
		C00000000000000000000017 /* ScannerPeerTarget.swift */ = {isa = PBXFileReference; lastKnownFileType = sourcecode.swift; path = ScannerPeerTarget.swift; sourceTree = "<group>"; };
		C00000000000000000000018 /* ScannerProtocol.swift */ = {isa = PBXFileReference; lastKnownFileType = sourcecode.swift; path = ScannerProtocol.swift; sourceTree = "<group>"; };
		C00000000000000000000019 /* ScannerSignalingClient.swift */ = {isa = PBXFileReference; lastKnownFileType = sourcecode.swift; path = ScannerSignalingClient.swift; sourceTree = "<group>"; };
		C0000000000000000000001A /* ScannerWebRTCConnection.swift */ = {isa = PBXFileReference; lastKnownFileType = sourcecode.swift; path = ScannerWebRTCConnection.swift; sourceTree = "<group>"; };
		C0000000000000000000001C /* PairedScannerSession.swift */ = {isa = PBXFileReference; lastKnownFileType = sourcecode.swift; path = PairedScannerSession.swift; sourceTree = "<group>"; };
		C0000000000000000000001D /* PairingSessionsView.swift */ = {isa = PBXFileReference; lastKnownFileType = sourcecode.swift; path = PairingSessionsView.swift; sourceTree = "<group>"; };
		C2FE1E81FC70D4D44558094E /* Pods-Volt.release.xcconfig */ = {isa = PBXFileReference; includeInIndex = 1; lastKnownFileType = text.xcconfig; name = "Pods-Volt.release.xcconfig"; path = "Target Support Files/Pods-Volt/Pods-Volt.release.xcconfig"; sourceTree = "<group>"; };
		C10000000000000000000001 /* ScannerStoreCaptureActions.swift */ = {isa = PBXFileReference; lastKnownFileType = sourcecode.swift; path = ScannerStoreCaptureActions.swift; sourceTree = "<group>"; };
		C10000000000000000000002 /* ScannerStoreDictation.swift */ = {isa = PBXFileReference; lastKnownFileType = sourcecode.swift; path = ScannerStoreDictation.swift; sourceTree = "<group>"; };
		C10000000000000000000003 /* ScannerStorePairedSessions.swift */ = {isa = PBXFileReference; lastKnownFileType = sourcecode.swift; path = ScannerStorePairedSessions.swift; sourceTree = "<group>"; };
		C10000000000000000000004 /* PairingSecretStore.swift */ = {isa = PBXFileReference; lastKnownFileType = sourcecode.swift; path = PairingSecretStore.swift; sourceTree = "<group>"; };
		C10000000000000000000005 /* CaptureSessionView.swift */ = {isa = PBXFileReference; lastKnownFileType = sourcecode.swift; path = CaptureSessionView.swift; sourceTree = "<group>"; };
		C10000000000000000000006 /* CameraSessionControls.swift */ = {isa = PBXFileReference; lastKnownFileType = sourcecode.swift; path = CameraSessionControls.swift; sourceTree = "<group>"; };
		C10000000000000000000007 /* ScannerCameraLayer.swift */ = {isa = PBXFileReference; lastKnownFileType = sourcecode.swift; path = ScannerCameraLayer.swift; sourceTree = "<group>"; };
		C10000000000000000000008 /* CapturedResultRow.swift */ = {isa = PBXFileReference; lastKnownFileType = sourcecode.swift; path = CapturedResultRow.swift; sourceTree = "<group>"; };
		C10000000000000000000009 /* CaptureDocks.swift */ = {isa = PBXFileReference; lastKnownFileType = sourcecode.swift; path = CaptureDocks.swift; sourceTree = "<group>"; };
		C1000000000000000000000A /* OcrReviewLayer.swift */ = {isa = PBXFileReference; lastKnownFileType = sourcecode.swift; path = OcrReviewLayer.swift; sourceTree = "<group>"; };
		C1000000000000000000000B /* CaptureGuideOverlay.swift */ = {isa = PBXFileReference; lastKnownFileType = sourcecode.swift; path = CaptureGuideOverlay.swift; sourceTree = "<group>"; };
/* End PBXFileReference section */

/* Begin PBXFrameworksBuildPhase section */
		D00000000000000000000001 /* Frameworks */ = {
			isa = PBXFrameworksBuildPhase;
			buildActionMask = 2147483647;
			files = (
				54EEE472295587B576FFFE34 /* libPods-Volt.a in Frameworks */,
			);
			runOnlyForDeploymentPostprocessing = 0;
		};
/* End PBXFrameworksBuildPhase section */

/* Begin PBXGroup section */
		62DD079D976BDF3DEE28B67C /* Frameworks */ = {
			isa = PBXGroup;
			children = (
				73738A299D6D02927E0C886A /* libPods-Volt.a */,
			);
			name = Frameworks;
			sourceTree = "<group>";
		};
		8C96EA4C7CBD02DDF1F610CB /* ExpoModulesProviders */ = {
			isa = PBXGroup;
			children = (
				9AF1DF5190A889384FCBC166 /* Volt */,
			);
			name = ExpoModulesProviders;
			sourceTree = "<group>";
		};
		9AF1DF5190A889384FCBC166 /* Volt */ = {
			isa = PBXGroup;
			children = (
				246E6467AFE9CE78CBAF489C /* ExpoModulesProvider.swift */,
			);
			name = Volt;
			sourceTree = "<group>";
		};
		9BA23944F6CEA1190A8C9A61 /* Pods */ = {
			isa = PBXGroup;
			children = (
				577C15430A95FB0B1F9D6C10 /* Pods-Volt.debug.xcconfig */,
				C2FE1E81FC70D4D44558094E /* Pods-Volt.release.xcconfig */,
			);
			name = Pods;
			path = Pods;
			sourceTree = "<group>";
		};
		E00000000000000000000001 = {
			isa = PBXGroup;
			children = (
				E00000000000000000000003 /* Volt */,
				E00000000000000000000002 /* Products */,
				9BA23944F6CEA1190A8C9A61 /* Pods */,
				62DD079D976BDF3DEE28B67C /* Frameworks */,
				8C96EA4C7CBD02DDF1F610CB /* ExpoModulesProviders */,
			);
			sourceTree = "<group>";
		};
		E00000000000000000000002 /* Products */ = {
			isa = PBXGroup;
			children = (
				C00000000000000000000015 /* Volt.app */,
			);
			name = Products;
			sourceTree = "<group>";
		};
		E00000000000000000000003 /* Volt */ = {
			isa = PBXGroup;
			children = (
				E00000000000000000000004 /* App */,
				E00000000000000000000005 /* Models */,
				E00000000000000000000006 /* Services */,
				E00000000000000000000007 /* Views */,
				C0000000000000000000000F /* Images.xcassets */,
				C00000000000000000000010 /* SplashScreen.storyboard */,
				C00000000000000000000011 /* PrivacyInfo.xcprivacy */,
				C00000000000000000000013 /* Info.plist */,
				C00000000000000000000014 /* Volt.entitlements */,
			);
			path = Volt;
			sourceTree = "<group>";
		};
		E00000000000000000000004 /* App */ = {
			isa = PBXGroup;
			children = (
				C00000000000000000000001 /* VoltApp.swift */,
			);
			path = App;
			sourceTree = "<group>";
		};
		E00000000000000000000005 /* Models */ = {
			isa = PBXGroup;
			children = (
				C00000000000000000000002 /* CaptureMode.swift */,
				C00000000000000000000003 /* ScanResult.swift */,
				C00000000000000000000004 /* PairingSession.swift */,
				C0000000000000000000001C /* PairedScannerSession.swift */,
				C00000000000000000000016 /* ScannerConnectionStatus.swift */,
				C00000000000000000000017 /* ScannerPeerTarget.swift */,
			);
			path = Models;
			sourceTree = "<group>";
		};
		E00000000000000000000006 /* Services */ = {
			isa = PBXGroup;
			children = (
				C00000000000000000000005 /* PairingURLParser.swift */,
				C00000000000000000000006 /* CameraModel.swift */,
				C00000000000000000000007 /* TextRecognizer.swift */,
				C00000000000000000000008 /* DictationModel.swift */,
				C00000000000000000000009 /* ScannerStore.swift */,
				C10000000000000000000001 /* ScannerStoreCaptureActions.swift */,
				C10000000000000000000002 /* ScannerStoreDictation.swift */,
				C10000000000000000000003 /* ScannerStorePairedSessions.swift */,
				C10000000000000000000004 /* PairingSecretStore.swift */,
				C00000000000000000000018 /* ScannerProtocol.swift */,
				C00000000000000000000019 /* ScannerSignalingClient.swift */,
				C0000000000000000000001A /* ScannerWebRTCConnection.swift */,
			);
			path = Services;
			sourceTree = "<group>";
		};
		E00000000000000000000007 /* Views */ = {
			isa = PBXGroup;
			children = (
				C0000000000000000000000A /* CameraPreview.swift */,
				C0000000000000000000000B /* RootView.swift */,
				C0000000000000000000000C /* ScannerView.swift */,
				C10000000000000000000005 /* CaptureSessionView.swift */,
				C10000000000000000000006 /* CameraSessionControls.swift */,
				C10000000000000000000007 /* ScannerCameraLayer.swift */,
				C10000000000000000000008 /* CapturedResultRow.swift */,
				C10000000000000000000009 /* CaptureDocks.swift */,
				C1000000000000000000000A /* OcrReviewLayer.swift */,
				C1000000000000000000000B /* CaptureGuideOverlay.swift */,
				C0000000000000000000001D /* PairingSessionsView.swift */,
				C0000000000000000000000D /* DictationView.swift */,
				C0000000000000000000000E /* ResultsView.swift */,
			);
			path = Views;
			sourceTree = "<group>";
		};
/* End PBXGroup section */

/* Begin PBXNativeTarget section */
		F00000000000000000000001 /* Volt */ = {
			isa = PBXNativeTarget;
			buildConfigurationList = J00000000000000000000001 /* Build configuration list for PBXNativeTarget "Volt" */;
			buildPhases = (
				ACF59E4CAB9307CFE05B947C /* [CP] Check Pods Manifest.lock */,
				FD7643638A92CA715A212F7D /* [Expo] Configure project */,
				G00000000000000000000001 /* Sources */,
				D00000000000000000000001 /* Frameworks */,
				H00000000000000000000001 /* Resources */,
				DB359C26099271BC98D15DD4 /* [CP] Embed Pods Frameworks */,
				A265300802376B161288602F /* [CP] Copy Pods Resources */,
			);
			buildRules = (
			);
			dependencies = (
			);
			name = Volt;
			productName = Volt;
			productReference = C00000000000000000000015 /* Volt.app */;
			productType = "com.apple.product-type.application";
		};
/* End PBXNativeTarget section */

/* Begin PBXProject section */
		I00000000000000000000001 /* Project object */ = {
			isa = PBXProject;
			attributes = {
				LastSwiftUpdateCheck = 2650;
				LastUpgradeCheck = 2650;
				TargetAttributes = {
					F00000000000000000000001 = {
						CreatedOnToolsVersion = 26.5;
					};
				};
			};
			buildConfigurationList = J00000000000000000000004 /* Build configuration list for PBXProject "Volt" */;
			compatibilityVersion = "Xcode 14.0";
			developmentRegion = en;
			hasScannedForEncodings = 0;
			knownRegions = (
				en,
				Base,
			);
			mainGroup = E00000000000000000000001;
			productRefGroup = E00000000000000000000002 /* Products */;
			projectDirPath = "";
			projectRoot = "";
			targets = (
				F00000000000000000000001 /* Volt */,
			);
		};
/* End PBXProject section */

/* Begin PBXResourcesBuildPhase section */
		H00000000000000000000001 /* Resources */ = {
			isa = PBXResourcesBuildPhase;
			buildActionMask = 2147483647;
			files = (
				B0000000000000000000000F /* Images.xcassets in Resources */,
				B00000000000000000000010 /* SplashScreen.storyboard in Resources */,
				B00000000000000000000011 /* PrivacyInfo.xcprivacy in Resources */,
			);
			runOnlyForDeploymentPostprocessing = 0;
		};
/* End PBXResourcesBuildPhase section */

/* Begin PBXShellScriptBuildPhase section */
		A265300802376B161288602F /* [CP] Copy Pods Resources */ = {
			isa = PBXShellScriptBuildPhase;
			buildActionMask = 2147483647;
			files = (
			);
			inputFileListPaths = (
				"${PODS_ROOT}/Target Support Files/Pods-Volt/Pods-Volt-resources-${CONFIGURATION}-input-files.xcfilelist",
			);
			name = "[CP] Copy Pods Resources";
			outputFileListPaths = (
				"${PODS_ROOT}/Target Support Files/Pods-Volt/Pods-Volt-resources-${CONFIGURATION}-output-files.xcfilelist",
			);
			runOnlyForDeploymentPostprocessing = 0;
			shellPath = /bin/sh;
			shellScript = "\"${PODS_ROOT}/Target Support Files/Pods-Volt/Pods-Volt-resources.sh\"\n";
			showEnvVarsInLog = 0;
		};
		ACF59E4CAB9307CFE05B947C /* [CP] Check Pods Manifest.lock */ = {
			isa = PBXShellScriptBuildPhase;
			buildActionMask = 2147483647;
			files = (
			);
			inputFileListPaths = (
			);
			inputPaths = (
				"${PODS_PODFILE_DIR_PATH}/Podfile.lock",
				"${PODS_ROOT}/Manifest.lock",
			);
			name = "[CP] Check Pods Manifest.lock";
			outputFileListPaths = (
			);
			outputPaths = (
				"$(DERIVED_FILE_DIR)/Pods-Volt-checkManifestLockResult.txt",
			);
			runOnlyForDeploymentPostprocessing = 0;
			shellPath = /bin/sh;
			shellScript = "diff \"${PODS_PODFILE_DIR_PATH}/Podfile.lock\" \"${PODS_ROOT}/Manifest.lock\" > /dev/null\nif [ $? != 0 ] ; then\n    # print error to STDERR\n    echo \"error: The sandbox is not in sync with the Podfile.lock. Run 'pod install' or update your CocoaPods installation.\" >&2\n    exit 1\nfi\n# This output is used by Xcode 'outputs' to avoid re-running this script phase.\necho \"SUCCESS\" > \"${SCRIPT_OUTPUT_FILE_0}\"\n";
			showEnvVarsInLog = 0;
		};
		DB359C26099271BC98D15DD4 /* [CP] Embed Pods Frameworks */ = {
			isa = PBXShellScriptBuildPhase;
			buildActionMask = 2147483647;
			files = (
			);
			inputFileListPaths = (
				"${PODS_ROOT}/Target Support Files/Pods-Volt/Pods-Volt-frameworks-${CONFIGURATION}-input-files.xcfilelist",
			);
			name = "[CP] Embed Pods Frameworks";
			outputFileListPaths = (
				"${PODS_ROOT}/Target Support Files/Pods-Volt/Pods-Volt-frameworks-${CONFIGURATION}-output-files.xcfilelist",
			);
			runOnlyForDeploymentPostprocessing = 0;
			shellPath = /bin/sh;
			shellScript = "\"${PODS_ROOT}/Target Support Files/Pods-Volt/Pods-Volt-frameworks.sh\"\n";
			showEnvVarsInLog = 0;
		};
		FD7643638A92CA715A212F7D /* [Expo] Configure project */ = {
			isa = PBXShellScriptBuildPhase;
			alwaysOutOfDate = 1;
			buildActionMask = 2147483647;
			files = (
			);
			inputFileListPaths = (
			);
			inputPaths = (
				"$(SRCROOT)/.xcode.env",
				"$(SRCROOT)/.xcode.env.local",
				"$(SRCROOT)/Volt/Volt.entitlements",
				"$(SRCROOT)/Pods/Target Support Files/Pods-Volt/expo-configure-project.sh",
			);
			name = "[Expo] Configure project";
			outputFileListPaths = (
			);
			outputPaths = (
				"$(SRCROOT)/Pods/Target Support Files/Pods-Volt/ExpoModulesProvider.swift",
			);
			runOnlyForDeploymentPostprocessing = 0;
			shellPath = /bin/sh;
			shellScript = "# This script configures Expo modules and generates the modules provider file.\nbash -l -c \"./Pods/Target\\ Support\\ Files/Pods-Volt/expo-configure-project.sh\"\n";
		};
/* End PBXShellScriptBuildPhase section */

/* Begin PBXSourcesBuildPhase section */
		G00000000000000000000001 /* Sources */ = {
			isa = PBXSourcesBuildPhase;
			buildActionMask = 2147483647;
			files = (
				B00000000000000000000001 /* VoltApp.swift in Sources */,
				B00000000000000000000002 /* CaptureMode.swift in Sources */,
				B00000000000000000000003 /* ScanResult.swift in Sources */,
				B00000000000000000000004 /* PairingSession.swift in Sources */,
				B00000000000000000000005 /* PairingURLParser.swift in Sources */,
				B00000000000000000000006 /* CameraModel.swift in Sources */,
				B00000000000000000000007 /* TextRecognizer.swift in Sources */,
				B00000000000000000000008 /* DictationModel.swift in Sources */,
				B00000000000000000000009 /* ScannerStore.swift in Sources */,
				B0000000000000000000000A /* CameraPreview.swift in Sources */,
				B0000000000000000000000B /* RootView.swift in Sources */,
				B0000000000000000000000C /* ScannerView.swift in Sources */,
				B0000000000000000000001A /* PairingSessionsView.swift in Sources */,
				B0000000000000000000000D /* DictationView.swift in Sources */,
				B0000000000000000000000E /* ResultsView.swift in Sources */,
				B00000000000000000000012 /* ScannerConnectionStatus.swift in Sources */,
				B00000000000000000000013 /* ScannerPeerTarget.swift in Sources */,
				B00000000000000000000019 /* PairedScannerSession.swift in Sources */,
				B00000000000000000000014 /* ScannerProtocol.swift in Sources */,
				B00000000000000000000015 /* ScannerSignalingClient.swift in Sources */,
				B00000000000000000000016 /* ScannerWebRTCConnection.swift in Sources */,
				B10000000000000000000001 /* ScannerStoreCaptureActions.swift in Sources */,
				B10000000000000000000002 /* ScannerStoreDictation.swift in Sources */,
				B10000000000000000000003 /* ScannerStorePairedSessions.swift in Sources */,
				B10000000000000000000004 /* PairingSecretStore.swift in Sources */,
				B10000000000000000000005 /* CaptureSessionView.swift in Sources */,
				B10000000000000000000006 /* CameraSessionControls.swift in Sources */,
				B10000000000000000000007 /* ScannerCameraLayer.swift in Sources */,
				B10000000000000000000008 /* CapturedResultRow.swift in Sources */,
				B10000000000000000000009 /* CaptureDocks.swift in Sources */,
				B1000000000000000000000A /* OcrReviewLayer.swift in Sources */,
				B1000000000000000000000B /* CaptureGuideOverlay.swift in Sources */,
				D9A5075C050CA191369BC391 /* ExpoModulesProvider.swift in Sources */,
			);
			runOnlyForDeploymentPostprocessing = 0;
		};
/* End PBXSourcesBuildPhase section */

/* Begin XCBuildConfiguration section */
		J00000000000000000000002 /* Debug */ = {
			isa = XCBuildConfiguration;
			baseConfigurationReference = 577C15430A95FB0B1F9D6C10 /* Pods-Volt.debug.xcconfig */;
			buildSettings = {
				ASSETCATALOG_COMPILER_APPICON_NAME = AppIcon;
				CLANG_ENABLE_MODULES = YES;
				CODE_SIGN_ENTITLEMENTS = Volt/Volt.entitlements;
				CODE_SIGN_IDENTITY = "Apple Development";
				CODE_SIGN_STYLE = Automatic;
				CURRENT_PROJECT_VERSION = 23;
				DEVELOPMENT_TEAM = GB5SPLUARQ;
				GENERATE_INFOPLIST_FILE = NO;
				INFOPLIST_FILE = Volt/Info.plist;
				IPHONEOS_DEPLOYMENT_TARGET = 26.0;
				LD_RUNPATH_SEARCH_PATHS = (
					"$(inherited)",
					"@executable_path/Frameworks",
				);
				MARKETING_VERSION = 0.1.0;
				OTHER_SWIFT_FLAGS = "$(inherited) -D EXPO_CONFIGURATION_DEBUG";
				PRODUCT_BUNDLE_IDENTIFIER = com.volt.mobile;
				PRODUCT_NAME = Volt;
				PROVISIONING_PROFILE_SPECIFIER = "";
				SWIFT_OPTIMIZATION_LEVEL = "-Onone";
				SWIFT_VERSION = 6.0;
				TARGETED_DEVICE_FAMILY = "1,2";
				VERSIONING_SYSTEM = "apple-generic";
			};
			name = Debug;
		};
		J00000000000000000000003 /* Release */ = {
			isa = XCBuildConfiguration;
			baseConfigurationReference = C2FE1E81FC70D4D44558094E /* Pods-Volt.release.xcconfig */;
			buildSettings = {
				ASSETCATALOG_COMPILER_APPICON_NAME = AppIcon;
				CLANG_ENABLE_MODULES = YES;
				CODE_SIGN_ENTITLEMENTS = Volt/Volt.entitlements;
				CODE_SIGN_IDENTITY = "Apple Distribution";
				CODE_SIGN_STYLE = Manual;
				CURRENT_PROJECT_VERSION = 23;
				DEVELOPMENT_TEAM = GB5SPLUARQ;
				GENERATE_INFOPLIST_FILE = NO;
				INFOPLIST_FILE = Volt/Info.plist;
				IPHONEOS_DEPLOYMENT_TARGET = 26.0;
				LD_RUNPATH_SEARCH_PATHS = (
					"$(inherited)",
					"@executable_path/Frameworks",
				);
				MARKETING_VERSION = 0.1.0;
				OTHER_SWIFT_FLAGS = "$(inherited) -D EXPO_CONFIGURATION_RELEASE";
				PRODUCT_BUNDLE_IDENTIFIER = com.volt.mobile;
				PRODUCT_NAME = Volt;
				PROVISIONING_PROFILE_SPECIFIER = "*[expo] com.volt.mobile AppStore 2026-05-25T23:25:44.484Z";
				SWIFT_VERSION = 6.0;
				TARGETED_DEVICE_FAMILY = "1,2";
				VALIDATE_PRODUCT = YES;
				VERSIONING_SYSTEM = "apple-generic";
			};
			name = Release;
		};
		J00000000000000000000005 /* Debug */ = {
			isa = XCBuildConfiguration;
			buildSettings = {
				ALWAYS_SEARCH_USER_PATHS = NO;
				CLANG_ANALYZER_LOCALIZABILITY_NONLOCALIZED = YES;
				CLANG_CXX_LANGUAGE_STANDARD = "c++20";
				CLANG_CXX_LIBRARY = "libc++";
				CLANG_ENABLE_MODULES = YES;
				CLANG_ENABLE_OBJC_ARC = YES;
				CLANG_WARN_BLOCK_CAPTURE_AUTORELEASING = YES;
				CLANG_WARN_BOOL_CONVERSION = YES;
				CLANG_WARN_COMMA = YES;
				CLANG_WARN_CONSTANT_CONVERSION = YES;
				CLANG_WARN_DEPRECATED_OBJC_IMPLEMENTATIONS = YES;
				CLANG_WARN_DIRECT_OBJC_ISA_USAGE = YES_ERROR;
				CLANG_WARN_DOCUMENTATION_COMMENTS = YES;
				CLANG_WARN_EMPTY_BODY = YES;
				CLANG_WARN_ENUM_CONVERSION = YES;
				CLANG_WARN_INFINITE_RECURSION = YES;
				CLANG_WARN_INT_CONVERSION = YES;
				CLANG_WARN_NON_LITERAL_NULL_CONVERSION = YES;
				CLANG_WARN_OBJC_IMPLICIT_RETAIN_SELF = YES;
				CLANG_WARN_OBJC_LITERAL_CONVERSION = YES;
				CLANG_WARN_OBJC_ROOT_CLASS = YES_ERROR;
				CLANG_WARN_QUOTED_INCLUDE_IN_FRAMEWORK_HEADER = YES;
				CLANG_WARN_RANGE_LOOP_ANALYSIS = YES;
				CLANG_WARN_STRICT_PROTOTYPES = YES;
				CLANG_WARN_SUSPICIOUS_MOVE = YES;
				CLANG_WARN_UNGUARDED_AVAILABILITY = YES_AGGRESSIVE;
				CLANG_WARN_UNREACHABLE_CODE = YES;
				COPY_PHASE_STRIP = NO;
				DEBUG_INFORMATION_FORMAT = dwarf;
				ENABLE_STRICT_OBJC_MSGSEND = YES;
				ENABLE_TESTABILITY = YES;
				GCC_C_LANGUAGE_STANDARD = gnu17;
				GCC_DYNAMIC_NO_PIC = NO;
				GCC_NO_COMMON_BLOCKS = YES;
				GCC_OPTIMIZATION_LEVEL = 0;
				GCC_PREPROCESSOR_DEFINITIONS = (
					"DEBUG=1",
					"$(inherited)",
				);
				GCC_WARN_64_TO_32_BIT_CONVERSION = YES;
				GCC_WARN_ABOUT_RETURN_TYPE = YES_ERROR;
				GCC_WARN_UNDECLARED_SELECTOR = YES;
				GCC_WARN_UNINITIALIZED_AUTOS = YES_AGGRESSIVE;
				GCC_WARN_UNUSED_FUNCTION = YES;
				GCC_WARN_UNUSED_VARIABLE = YES;
				IPHONEOS_DEPLOYMENT_TARGET = 26.0;
				MTL_ENABLE_DEBUG_INFO = INCLUDE_SOURCE;
				MTL_FAST_MATH = YES;
				ONLY_ACTIVE_ARCH = YES;
				OTHER_CFLAGS = (
					"$(inherited)",
					"-DRCT_REMOVE_LEGACY_ARCH=1",
				);
				OTHER_CPLUSPLUSFLAGS = (
					"$(inherited)",
					"-DRCT_REMOVE_LEGACY_ARCH=1",
				);
				REACT_NATIVE_PATH = "${PODS_ROOT}/../../node_modules/react-native";
				SDKROOT = iphoneos;
				SWIFT_ACTIVE_COMPILATION_CONDITIONS = "$(inherited) DEBUG";
				SWIFT_ENABLE_EXPLICIT_MODULES = NO;
				USE_HERMES = true;
			};
			name = Debug;
		};
		J00000000000000000000006 /* Release */ = {
			isa = XCBuildConfiguration;
			buildSettings = {
				ALWAYS_SEARCH_USER_PATHS = NO;
				CLANG_ANALYZER_LOCALIZABILITY_NONLOCALIZED = YES;
				CLANG_CXX_LANGUAGE_STANDARD = "c++20";
				CLANG_CXX_LIBRARY = "libc++";
				CLANG_ENABLE_MODULES = YES;
				CLANG_ENABLE_OBJC_ARC = YES;
				CLANG_WARN_BLOCK_CAPTURE_AUTORELEASING = YES;
				CLANG_WARN_BOOL_CONVERSION = YES;
				CLANG_WARN_COMMA = YES;
				CLANG_WARN_CONSTANT_CONVERSION = YES;
				CLANG_WARN_DEPRECATED_OBJC_IMPLEMENTATIONS = YES;
				CLANG_WARN_DIRECT_OBJC_ISA_USAGE = YES_ERROR;
				CLANG_WARN_DOCUMENTATION_COMMENTS = YES;
				CLANG_WARN_EMPTY_BODY = YES;
				CLANG_WARN_ENUM_CONVERSION = YES;
				CLANG_WARN_INFINITE_RECURSION = YES;
				CLANG_WARN_INT_CONVERSION = YES;
				CLANG_WARN_NON_LITERAL_NULL_CONVERSION = YES;
				CLANG_WARN_OBJC_IMPLICIT_RETAIN_SELF = YES;
				CLANG_WARN_OBJC_LITERAL_CONVERSION = YES;
				CLANG_WARN_OBJC_ROOT_CLASS = YES_ERROR;
				CLANG_WARN_QUOTED_INCLUDE_IN_FRAMEWORK_HEADER = YES;
				CLANG_WARN_RANGE_LOOP_ANALYSIS = YES;
				CLANG_WARN_STRICT_PROTOTYPES = YES;
				CLANG_WARN_SUSPICIOUS_MOVE = YES;
				CLANG_WARN_UNGUARDED_AVAILABILITY = YES_AGGRESSIVE;
				CLANG_WARN_UNREACHABLE_CODE = YES;
				COPY_PHASE_STRIP = NO;
				DEBUG_INFORMATION_FORMAT = "dwarf-with-dsym";
				ENABLE_NS_ASSERTIONS = NO;
				ENABLE_STRICT_OBJC_MSGSEND = YES;
				GCC_C_LANGUAGE_STANDARD = gnu17;
				GCC_NO_COMMON_BLOCKS = YES;
				GCC_WARN_64_TO_32_BIT_CONVERSION = YES;
				GCC_WARN_ABOUT_RETURN_TYPE = YES_ERROR;
				GCC_WARN_UNDECLARED_SELECTOR = YES;
				GCC_WARN_UNINITIALIZED_AUTOS = YES_AGGRESSIVE;
				GCC_WARN_UNUSED_FUNCTION = YES;
				GCC_WARN_UNUSED_VARIABLE = YES;
				IPHONEOS_DEPLOYMENT_TARGET = 26.0;
				MTL_ENABLE_DEBUG_INFO = NO;
				MTL_FAST_MATH = YES;
				OTHER_CFLAGS = (
					"$(inherited)",
					"-DRCT_REMOVE_LEGACY_ARCH=1",
				);
				OTHER_CPLUSPLUSFLAGS = (
					"$(inherited)",
					"-DRCT_REMOVE_LEGACY_ARCH=1",
				);
				REACT_NATIVE_PATH = "${PODS_ROOT}/../../node_modules/react-native";
				SDKROOT = iphoneos;
				SWIFT_COMPILATION_MODE = wholemodule;
				SWIFT_ENABLE_EXPLICIT_MODULES = NO;
				USE_HERMES = true;
			};
			name = Release;
		};
/* End XCBuildConfiguration section */

/* Begin XCConfigurationList section */
		J00000000000000000000001 /* Build configuration list for PBXNativeTarget "Volt" */ = {
			isa = XCConfigurationList;
			buildConfigurations = (
				J00000000000000000000002 /* Debug */,
				J00000000000000000000003 /* Release */,
			);
			defaultConfigurationIsVisible = 0;
			defaultConfigurationName = Debug;
		};
		J00000000000000000000004 /* Build configuration list for PBXProject "Volt" */ = {
			isa = XCConfigurationList;
			buildConfigurations = (
				J00000000000000000000005 /* Debug */,
				J00000000000000000000006 /* Release */,
			);
			defaultConfigurationIsVisible = 0;
			defaultConfigurationName = Debug;
		};
/* End XCConfigurationList section */
	};
	rootObject = I00000000000000000000001 /* Project object */;
}
