// !$*UTF8*$!
{
	archiveVersion = 1;
	classes = {
	};
	objectVersion = 54;
	objects = {

/* Begin PBXBuildFile section */
		100000000000000000000001 /* VoltApp.swift in Sources */ = {isa = PBXBuildFile; fileRef = 200000000000000000000001 /* VoltApp.swift */; };
		100000000000000000000002 /* CaptureMode.swift in Sources */ = {isa = PBXBuildFile; fileRef = 200000000000000000000002 /* CaptureMode.swift */; };
		100000000000000000000003 /* ScanResult.swift in Sources */ = {isa = PBXBuildFile; fileRef = 200000000000000000000003 /* ScanResult.swift */; };
		100000000000000000000004 /* PairingSession.swift in Sources */ = {isa = PBXBuildFile; fileRef = 200000000000000000000004 /* PairingSession.swift */; };
		100000000000000000000005 /* PairingURLParser.swift in Sources */ = {isa = PBXBuildFile; fileRef = 200000000000000000000005 /* PairingURLParser.swift */; };
		100000000000000000000006 /* CameraModel.swift in Sources */ = {isa = PBXBuildFile; fileRef = 200000000000000000000006 /* CameraModel.swift */; };
		100000000000000000000007 /* TextRecognizer.swift in Sources */ = {isa = PBXBuildFile; fileRef = 200000000000000000000007 /* TextRecognizer.swift */; };
		100000000000000000000008 /* DictationModel.swift in Sources */ = {isa = PBXBuildFile; fileRef = 200000000000000000000008 /* DictationModel.swift */; };
		100000000000000000000009 /* ScannerStore.swift in Sources */ = {isa = PBXBuildFile; fileRef = 200000000000000000000009 /* ScannerStore.swift */; };
		10000000000000000000000A /* CameraPreview.swift in Sources */ = {isa = PBXBuildFile; fileRef = 20000000000000000000000A /* CameraPreview.swift */; };
		10000000000000000000000B /* RootView.swift in Sources */ = {isa = PBXBuildFile; fileRef = 20000000000000000000000B /* RootView.swift */; };
		10000000000000000000000C /* ScannerView.swift in Sources */ = {isa = PBXBuildFile; fileRef = 20000000000000000000000C /* ScannerView.swift */; };
		10000000000000000000000D /* DictationView.swift in Sources */ = {isa = PBXBuildFile; fileRef = 20000000000000000000000D /* DictationView.swift */; };
		10000000000000000000000E /* ResultsView.swift in Sources */ = {isa = PBXBuildFile; fileRef = 20000000000000000000000E /* ResultsView.swift */; };
		10000000000000000000000F /* Images.xcassets in Resources */ = {isa = PBXBuildFile; fileRef = 20000000000000000000000F /* Images.xcassets */; };
		100000000000000000000010 /* SplashScreen.storyboard in Resources */ = {isa = PBXBuildFile; fileRef = 200000000000000000000010 /* SplashScreen.storyboard */; };
		100000000000000000000011 /* PrivacyInfo.xcprivacy in Resources */ = {isa = PBXBuildFile; fileRef = 200000000000000000000011 /* PrivacyInfo.xcprivacy */; };
		100000000000000000000012 /* ScannerConnectionStatus.swift in Sources */ = {isa = PBXBuildFile; fileRef = 200000000000000000000016 /* ScannerConnectionStatus.swift */; };
		100000000000000000000013 /* ScannerPeerTarget.swift in Sources */ = {isa = PBXBuildFile; fileRef = 200000000000000000000017 /* ScannerPeerTarget.swift */; };
		100000000000000000000014 /* ScannerProtocol.swift in Sources */ = {isa = PBXBuildFile; fileRef = 200000000000000000000018 /* ScannerProtocol.swift */; };
		100000000000000000000015 /* ScannerSignalingClient.swift in Sources */ = {isa = PBXBuildFile; fileRef = 200000000000000000000019 /* ScannerSignalingClient.swift */; };
		100000000000000000000016 /* ScannerWebRTCConnection.swift in Sources */ = {isa = PBXBuildFile; fileRef = 20000000000000000000001A /* ScannerWebRTCConnection.swift */; };
		100000000000000000000017 /* WebRTC.xcframework in Frameworks */ = {isa = PBXBuildFile; fileRef = 20000000000000000000001B /* WebRTC.xcframework */; };
		100000000000000000000018 /* WebRTC.xcframework in Embed Frameworks */ = {isa = PBXBuildFile; fileRef = 20000000000000000000001B /* WebRTC.xcframework */; settings = {ATTRIBUTES = (CodeSignOnCopy, RemoveHeadersOnCopy, ); }; };
		100000000000000000000019 /* PairedScannerSession.swift in Sources */ = {isa = PBXBuildFile; fileRef = 20000000000000000000001C /* PairedScannerSession.swift */; };
		10000000000000000000001A /* PairingSessionsView.swift in Sources */ = {isa = PBXBuildFile; fileRef = 20000000000000000000001D /* PairingSessionsView.swift */; };
/* End PBXBuildFile section */

/* Begin PBXCopyFilesBuildPhase section */
		710000000000000000000001 /* Embed Frameworks */ = {
			isa = PBXCopyFilesBuildPhase;
			buildActionMask = 2147483647;
			dstPath = "";
			dstSubfolderSpec = 10;
			files = (
				100000000000000000000018 /* WebRTC.xcframework in Embed Frameworks */,
			);
			name = "Embed Frameworks";
			runOnlyForDeploymentPostprocessing = 0;
		};
/* End PBXCopyFilesBuildPhase section */

/* Begin PBXFileReference section */
		200000000000000000000001 /* VoltApp.swift */ = {isa = PBXFileReference; lastKnownFileType = sourcecode.swift; path = VoltApp.swift; sourceTree = "<group>"; };
		200000000000000000000002 /* CaptureMode.swift */ = {isa = PBXFileReference; lastKnownFileType = sourcecode.swift; path = CaptureMode.swift; sourceTree = "<group>"; };
		200000000000000000000003 /* ScanResult.swift */ = {isa = PBXFileReference; lastKnownFileType = sourcecode.swift; path = ScanResult.swift; sourceTree = "<group>"; };
		200000000000000000000004 /* PairingSession.swift */ = {isa = PBXFileReference; lastKnownFileType = sourcecode.swift; path = PairingSession.swift; sourceTree = "<group>"; };
		200000000000000000000005 /* PairingURLParser.swift */ = {isa = PBXFileReference; lastKnownFileType = sourcecode.swift; path = PairingURLParser.swift; sourceTree = "<group>"; };
		200000000000000000000006 /* CameraModel.swift */ = {isa = PBXFileReference; lastKnownFileType = sourcecode.swift; path = CameraModel.swift; sourceTree = "<group>"; };
		200000000000000000000007 /* TextRecognizer.swift */ = {isa = PBXFileReference; lastKnownFileType = sourcecode.swift; path = TextRecognizer.swift; sourceTree = "<group>"; };
		200000000000000000000008 /* DictationModel.swift */ = {isa = PBXFileReference; lastKnownFileType = sourcecode.swift; path = DictationModel.swift; sourceTree = "<group>"; };
		200000000000000000000009 /* ScannerStore.swift */ = {isa = PBXFileReference; lastKnownFileType = sourcecode.swift; path = ScannerStore.swift; sourceTree = "<group>"; };
		20000000000000000000000A /* CameraPreview.swift */ = {isa = PBXFileReference; lastKnownFileType = sourcecode.swift; path = CameraPreview.swift; sourceTree = "<group>"; };
		20000000000000000000000B /* RootView.swift */ = {isa = PBXFileReference; lastKnownFileType = sourcecode.swift; path = RootView.swift; sourceTree = "<group>"; };
		20000000000000000000000C /* ScannerView.swift */ = {isa = PBXFileReference; lastKnownFileType = sourcecode.swift; path = ScannerView.swift; sourceTree = "<group>"; };
		20000000000000000000000D /* DictationView.swift */ = {isa = PBXFileReference; lastKnownFileType = sourcecode.swift; path = DictationView.swift; sourceTree = "<group>"; };
		20000000000000000000000E /* ResultsView.swift */ = {isa = PBXFileReference; lastKnownFileType = sourcecode.swift; path = ResultsView.swift; sourceTree = "<group>"; };
		20000000000000000000000F /* Images.xcassets */ = {isa = PBXFileReference; lastKnownFileType = folder.assetcatalog; path = Images.xcassets; sourceTree = "<group>"; };
		200000000000000000000010 /* SplashScreen.storyboard */ = {isa = PBXFileReference; lastKnownFileType = file.storyboard; path = SplashScreen.storyboard; sourceTree = "<group>"; };
		200000000000000000000011 /* PrivacyInfo.xcprivacy */ = {isa = PBXFileReference; lastKnownFileType = text.xml; path = PrivacyInfo.xcprivacy; sourceTree = "<group>"; };
		200000000000000000000013 /* Info.plist */ = {isa = PBXFileReference; lastKnownFileType = text.plist.xml; path = Info.plist; sourceTree = "<group>"; };
		200000000000000000000014 /* Volt.entitlements */ = {isa = PBXFileReference; lastKnownFileType = text.plist.entitlements; path = Volt.entitlements; sourceTree = "<group>"; };
		200000000000000000000015 /* Volt.app */ = {isa = PBXFileReference; explicitFileType = wrapper.application; includeInIndex = 0; path = Volt.app; sourceTree = BUILT_PRODUCTS_DIR; };
		200000000000000000000016 /* ScannerConnectionStatus.swift */ = {isa = PBXFileReference; lastKnownFileType = sourcecode.swift; path = ScannerConnectionStatus.swift; sourceTree = "<group>"; };
		200000000000000000000017 /* ScannerPeerTarget.swift */ = {isa = PBXFileReference; lastKnownFileType = sourcecode.swift; path = ScannerPeerTarget.swift; sourceTree = "<group>"; };
		200000000000000000000018 /* ScannerProtocol.swift */ = {isa = PBXFileReference; lastKnownFileType = sourcecode.swift; path = ScannerProtocol.swift; sourceTree = "<group>"; };
		200000000000000000000019 /* ScannerSignalingClient.swift */ = {isa = PBXFileReference; lastKnownFileType = sourcecode.swift; path = ScannerSignalingClient.swift; sourceTree = "<group>"; };
		20000000000000000000001A /* ScannerWebRTCConnection.swift */ = {isa = PBXFileReference; lastKnownFileType = sourcecode.swift; path = ScannerWebRTCConnection.swift; sourceTree = "<group>"; };
		20000000000000000000001B /* WebRTC.xcframework */ = {isa = PBXFileReference; lastKnownFileType = wrapper.xcframework; name = WebRTC.xcframework; path = Pods/JitsiWebRTC/WebRTC.xcframework; sourceTree = SOURCE_ROOT; };
		20000000000000000000001C /* PairedScannerSession.swift */ = {isa = PBXFileReference; lastKnownFileType = sourcecode.swift; path = PairedScannerSession.swift; sourceTree = "<group>"; };
		20000000000000000000001D /* PairingSessionsView.swift */ = {isa = PBXFileReference; lastKnownFileType = sourcecode.swift; path = PairingSessionsView.swift; sourceTree = "<group>"; };
/* End PBXFileReference section */

/* Begin PBXFrameworksBuildPhase section */
		300000000000000000000001 /* Frameworks */ = {
			isa = PBXFrameworksBuildPhase;
			buildActionMask = 2147483647;
			files = (
				100000000000000000000017 /* WebRTC.xcframework in Frameworks */,
			);
			runOnlyForDeploymentPostprocessing = 0;
		};
/* End PBXFrameworksBuildPhase section */

/* Begin PBXGroup section */
		400000000000000000000001 = {
			isa = PBXGroup;
			children = (
				400000000000000000000003 /* Volt */,
				20000000000000000000001B /* WebRTC.xcframework */,
				400000000000000000000002 /* Products */,
			);
			sourceTree = "<group>";
		};
		400000000000000000000002 /* Products */ = {
			isa = PBXGroup;
			children = (
				200000000000000000000015 /* Volt.app */,
			);
			name = Products;
			sourceTree = "<group>";
		};
		400000000000000000000003 /* Volt */ = {
			isa = PBXGroup;
			children = (
				400000000000000000000004 /* App */,
				400000000000000000000005 /* Models */,
				400000000000000000000006 /* Services */,
				400000000000000000000007 /* Views */,
				20000000000000000000000F /* Images.xcassets */,
				200000000000000000000010 /* SplashScreen.storyboard */,
				200000000000000000000011 /* PrivacyInfo.xcprivacy */,
				200000000000000000000013 /* Info.plist */,
				200000000000000000000014 /* Volt.entitlements */,
			);
			path = Volt;
			sourceTree = "<group>";
		};
		400000000000000000000004 /* App */ = {
			isa = PBXGroup;
			children = (
				200000000000000000000001 /* VoltApp.swift */,
			);
			path = App;
			sourceTree = "<group>";
		};
		400000000000000000000005 /* Models */ = {
			isa = PBXGroup;
			children = (
				200000000000000000000002 /* CaptureMode.swift */,
				200000000000000000000003 /* ScanResult.swift */,
				200000000000000000000004 /* PairingSession.swift */,
				20000000000000000000001C /* PairedScannerSession.swift */,
				200000000000000000000016 /* ScannerConnectionStatus.swift */,
				200000000000000000000017 /* ScannerPeerTarget.swift */,
			);
			path = Models;
			sourceTree = "<group>";
		};
		400000000000000000000006 /* Services */ = {
			isa = PBXGroup;
			children = (
				200000000000000000000005 /* PairingURLParser.swift */,
				200000000000000000000006 /* CameraModel.swift */,
				200000000000000000000007 /* TextRecognizer.swift */,
				200000000000000000000008 /* DictationModel.swift */,
				200000000000000000000009 /* ScannerStore.swift */,
				200000000000000000000018 /* ScannerProtocol.swift */,
				200000000000000000000019 /* ScannerSignalingClient.swift */,
				20000000000000000000001A /* ScannerWebRTCConnection.swift */,
			);
			path = Services;
			sourceTree = "<group>";
		};
		400000000000000000000007 /* Views */ = {
			isa = PBXGroup;
			children = (
				20000000000000000000000A /* CameraPreview.swift */,
				20000000000000000000000B /* RootView.swift */,
				20000000000000000000000C /* ScannerView.swift */,
				20000000000000000000001D /* PairingSessionsView.swift */,
				20000000000000000000000D /* DictationView.swift */,
				20000000000000000000000E /* ResultsView.swift */,
			);
			path = Views;
			sourceTree = "<group>";
		};
/* End PBXGroup section */

/* Begin PBXNativeTarget section */
		500000000000000000000001 /* Volt */ = {
			isa = PBXNativeTarget;
			buildConfigurationList = 900000000000000000000001 /* Build configuration list for PBXNativeTarget "Volt" */;
			buildPhases = (
				600000000000000000000001 /* Sources */,
				300000000000000000000001 /* Frameworks */,
				700000000000000000000001 /* Resources */,
				710000000000000000000001 /* Embed Frameworks */,
			);
			buildRules = (
			);
			dependencies = (
			);
			name = Volt;
			productName = Volt;
			productReference = 200000000000000000000015 /* Volt.app */;
			productType = "com.apple.product-type.application";
		};
/* End PBXNativeTarget section */

/* Begin PBXProject section */
		800000000000000000000001 /* Project object */ = {
			isa = PBXProject;
			attributes = {
				LastSwiftUpdateCheck = 2650;
				LastUpgradeCheck = 2650;
				TargetAttributes = {
					500000000000000000000001 = {
						CreatedOnToolsVersion = 26.5;
					};
				};
			};
			buildConfigurationList = 900000000000000000000004 /* Build configuration list for PBXProject "Volt" */;
			compatibilityVersion = "Xcode 14.0";
			developmentRegion = en;
			hasScannedForEncodings = 0;
			knownRegions = (
				en,
				Base,
			);
			mainGroup = 400000000000000000000001;
			productRefGroup = 400000000000000000000002 /* Products */;
			projectDirPath = "";
			projectRoot = "";
			targets = (
				500000000000000000000001 /* Volt */,
			);
		};
/* End PBXProject section */

/* Begin PBXResourcesBuildPhase section */
		700000000000000000000001 /* Resources */ = {
			isa = PBXResourcesBuildPhase;
			buildActionMask = 2147483647;
			files = (
				10000000000000000000000F /* Images.xcassets in Resources */,
				100000000000000000000010 /* SplashScreen.storyboard in Resources */,
				100000000000000000000011 /* PrivacyInfo.xcprivacy in Resources */,
			);
			runOnlyForDeploymentPostprocessing = 0;
		};
/* End PBXResourcesBuildPhase section */

/* Begin PBXSourcesBuildPhase section */
		600000000000000000000001 /* Sources */ = {
			isa = PBXSourcesBuildPhase;
			buildActionMask = 2147483647;
			files = (
				100000000000000000000001 /* VoltApp.swift in Sources */,
				100000000000000000000002 /* CaptureMode.swift in Sources */,
				100000000000000000000003 /* ScanResult.swift in Sources */,
				100000000000000000000004 /* PairingSession.swift in Sources */,
				100000000000000000000005 /* PairingURLParser.swift in Sources */,
				100000000000000000000006 /* CameraModel.swift in Sources */,
				100000000000000000000007 /* TextRecognizer.swift in Sources */,
				100000000000000000000008 /* DictationModel.swift in Sources */,
				100000000000000000000009 /* ScannerStore.swift in Sources */,
				10000000000000000000000A /* CameraPreview.swift in Sources */,
				10000000000000000000000B /* RootView.swift in Sources */,
				10000000000000000000000C /* ScannerView.swift in Sources */,
				10000000000000000000001A /* PairingSessionsView.swift in Sources */,
				10000000000000000000000D /* DictationView.swift in Sources */,
				10000000000000000000000E /* ResultsView.swift in Sources */,
				100000000000000000000012 /* ScannerConnectionStatus.swift in Sources */,
				100000000000000000000013 /* ScannerPeerTarget.swift in Sources */,
				100000000000000000000019 /* PairedScannerSession.swift in Sources */,
				100000000000000000000014 /* ScannerProtocol.swift in Sources */,
				100000000000000000000015 /* ScannerSignalingClient.swift in Sources */,
				100000000000000000000016 /* ScannerWebRTCConnection.swift in Sources */,
			);
			runOnlyForDeploymentPostprocessing = 0;
		};
/* End PBXSourcesBuildPhase section */

/* Begin XCBuildConfiguration section */
		900000000000000000000002 /* Debug */ = {
			isa = XCBuildConfiguration;
			buildSettings = {
				ASSETCATALOG_COMPILER_APPICON_NAME = AppIcon;
				CLANG_ENABLE_MODULES = YES;
				CODE_SIGN_ENTITLEMENTS = Volt/Volt.entitlements;
				CODE_SIGN_IDENTITY = "Apple Development";
				CODE_SIGN_STYLE = Automatic;
				CURRENT_PROJECT_VERSION = 20;
				DEVELOPMENT_TEAM = GB5SPLUARQ;
				GENERATE_INFOPLIST_FILE = NO;
				INFOPLIST_FILE = Volt/Info.plist;
				IPHONEOS_DEPLOYMENT_TARGET = 26.0;
				LD_RUNPATH_SEARCH_PATHS = (
					"$(inherited)",
					"@executable_path/Frameworks",
				);
				MARKETING_VERSION = 0.1.0;
				PRODUCT_BUNDLE_IDENTIFIER = com.volt.mobile;
				PRODUCT_NAME = Volt;
				SWIFT_OPTIMIZATION_LEVEL = "-Onone";
				SWIFT_VERSION = 6.0;
				TARGETED_DEVICE_FAMILY = "1,2";
				VERSIONING_SYSTEM = "apple-generic";
			};
			name = Debug;
		};
		900000000000000000000003 /* Release */ = {
			isa = XCBuildConfiguration;
			buildSettings = {
				ASSETCATALOG_COMPILER_APPICON_NAME = AppIcon;
				CLANG_ENABLE_MODULES = YES;
				CODE_SIGN_ENTITLEMENTS = Volt/Volt.entitlements;
				CODE_SIGN_IDENTITY = "Apple Development";
				CODE_SIGN_STYLE = Automatic;
				CURRENT_PROJECT_VERSION = 20;
				DEVELOPMENT_TEAM = GB5SPLUARQ;
				GENERATE_INFOPLIST_FILE = NO;
				INFOPLIST_FILE = Volt/Info.plist;
				IPHONEOS_DEPLOYMENT_TARGET = 26.0;
				LD_RUNPATH_SEARCH_PATHS = (
					"$(inherited)",
					"@executable_path/Frameworks",
				);
				MARKETING_VERSION = 0.1.0;
				PRODUCT_BUNDLE_IDENTIFIER = com.volt.mobile;
				PRODUCT_NAME = Volt;
				SWIFT_VERSION = 6.0;
				TARGETED_DEVICE_FAMILY = "1,2";
				VALIDATE_PRODUCT = YES;
				VERSIONING_SYSTEM = "apple-generic";
			};
			name = Release;
		};
		900000000000000000000005 /* Debug */ = {
			isa = XCBuildConfiguration;
			buildSettings = {
				ALWAYS_SEARCH_USER_PATHS = NO;
				CLANG_ANALYZER_LOCALIZABILITY_NONLOCALIZED = YES;
				CLANG_CXX_LANGUAGE_STANDARD = "gnu++20";
				CLANG_CXX_LIBRARY = "libc++";
				CLANG_ENABLE_MODULES = YES;
				CLANG_ENABLE_OBJC_ARC = YES;
				CLANG_WARN_BLOCK_CAPTURE_AUTORELEASING = YES;
				CLANG_WARN_BOOL_CONVERSION = YES;
				CLANG_WARN_COMMA = YES;
				CLANG_WARN_CONSTANT_CONVERSION = YES;
				CLANG_WARN_DEPRECATED_OBJC_IMPLEMENTATIONS = YES;
				CLANG_WARN_DIRECT_OBJC_ISA_USAGE = YES_ERROR;
				CLANG_WARN_DOCUMENTATION_COMMENTS = YES;
				CLANG_WARN_EMPTY_BODY = YES;
				CLANG_WARN_ENUM_CONVERSION = YES;
				CLANG_WARN_INFINITE_RECURSION = YES;
				CLANG_WARN_INT_CONVERSION = YES;
				CLANG_WARN_NON_LITERAL_NULL_CONVERSION = YES;
				CLANG_WARN_OBJC_IMPLICIT_RETAIN_SELF = YES;
				CLANG_WARN_OBJC_LITERAL_CONVERSION = YES;
				CLANG_WARN_OBJC_ROOT_CLASS = YES_ERROR;
				CLANG_WARN_QUOTED_INCLUDE_IN_FRAMEWORK_HEADER = YES;
				CLANG_WARN_RANGE_LOOP_ANALYSIS = YES;
				CLANG_WARN_STRICT_PROTOTYPES = YES;
				CLANG_WARN_SUSPICIOUS_MOVE = YES;
				CLANG_WARN_UNGUARDED_AVAILABILITY = YES_AGGRESSIVE;
				CLANG_WARN_UNREACHABLE_CODE = YES;
				COPY_PHASE_STRIP = NO;
				DEBUG_INFORMATION_FORMAT = dwarf;
				ENABLE_STRICT_OBJC_MSGSEND = YES;
				ENABLE_TESTABILITY = YES;
				GCC_C_LANGUAGE_STANDARD = gnu17;
				GCC_DYNAMIC_NO_PIC = NO;
				GCC_NO_COMMON_BLOCKS = YES;
				GCC_OPTIMIZATION_LEVEL = 0;
				GCC_PREPROCESSOR_DEFINITIONS = (
					"DEBUG=1",
					"$(inherited)",
				);
				GCC_WARN_64_TO_32_BIT_CONVERSION = YES;
				GCC_WARN_ABOUT_RETURN_TYPE = YES_ERROR;
				GCC_WARN_UNDECLARED_SELECTOR = YES;
				GCC_WARN_UNINITIALIZED_AUTOS = YES_AGGRESSIVE;
				GCC_WARN_UNUSED_FUNCTION = YES;
				GCC_WARN_UNUSED_VARIABLE = YES;
				IPHONEOS_DEPLOYMENT_TARGET = 26.0;
				MTL_ENABLE_DEBUG_INFO = INCLUDE_SOURCE;
				MTL_FAST_MATH = YES;
				ONLY_ACTIVE_ARCH = YES;
				SDKROOT = iphoneos;
				SWIFT_ACTIVE_COMPILATION_CONDITIONS = DEBUG;
			};
			name = Debug;
		};
		900000000000000000000006 /* Release */ = {
			isa = XCBuildConfiguration;
			buildSettings = {
				ALWAYS_SEARCH_USER_PATHS = NO;
				CLANG_ANALYZER_LOCALIZABILITY_NONLOCALIZED = YES;
				CLANG_CXX_LANGUAGE_STANDARD = "gnu++20";
				CLANG_CXX_LIBRARY = "libc++";
				CLANG_ENABLE_MODULES = YES;
				CLANG_ENABLE_OBJC_ARC = YES;
				CLANG_WARN_BLOCK_CAPTURE_AUTORELEASING = YES;
				CLANG_WARN_BOOL_CONVERSION = YES;
				CLANG_WARN_COMMA = YES;
				CLANG_WARN_CONSTANT_CONVERSION = YES;
				CLANG_WARN_DEPRECATED_OBJC_IMPLEMENTATIONS = YES;
				CLANG_WARN_DIRECT_OBJC_ISA_USAGE = YES_ERROR;
				CLANG_WARN_DOCUMENTATION_COMMENTS = YES;
				CLANG_WARN_EMPTY_BODY = YES;
				CLANG_WARN_ENUM_CONVERSION = YES;
				CLANG_WARN_INFINITE_RECURSION = YES;
				CLANG_WARN_INT_CONVERSION = YES;
				CLANG_WARN_NON_LITERAL_NULL_CONVERSION = YES;
				CLANG_WARN_OBJC_IMPLICIT_RETAIN_SELF = YES;
				CLANG_WARN_OBJC_LITERAL_CONVERSION = YES;
				CLANG_WARN_OBJC_ROOT_CLASS = YES_ERROR;
				CLANG_WARN_QUOTED_INCLUDE_IN_FRAMEWORK_HEADER = YES;
				CLANG_WARN_RANGE_LOOP_ANALYSIS = YES;
				CLANG_WARN_STRICT_PROTOTYPES = YES;
				CLANG_WARN_SUSPICIOUS_MOVE = YES;
				CLANG_WARN_UNGUARDED_AVAILABILITY = YES_AGGRESSIVE;
				CLANG_WARN_UNREACHABLE_CODE = YES;
				COPY_PHASE_STRIP = NO;
				DEBUG_INFORMATION_FORMAT = "dwarf-with-dsym";
				ENABLE_NS_ASSERTIONS = NO;
				ENABLE_STRICT_OBJC_MSGSEND = YES;
				GCC_C_LANGUAGE_STANDARD = gnu17;
				GCC_NO_COMMON_BLOCKS = YES;
				GCC_WARN_64_TO_32_BIT_CONVERSION = YES;
				GCC_WARN_ABOUT_RETURN_TYPE = YES_ERROR;
				GCC_WARN_UNDECLARED_SELECTOR = YES;
				GCC_WARN_UNINITIALIZED_AUTOS = YES_AGGRESSIVE;
				GCC_WARN_UNUSED_FUNCTION = YES;
				GCC_WARN_UNUSED_VARIABLE = YES;
				IPHONEOS_DEPLOYMENT_TARGET = 26.0;
				MTL_ENABLE_DEBUG_INFO = NO;
				MTL_FAST_MATH = YES;
				SDKROOT = iphoneos;
				SWIFT_COMPILATION_MODE = wholemodule;
			};
			name = Release;
		};
/* End XCBuildConfiguration section */

/* Begin XCConfigurationList section */
		900000000000000000000001 /* Build configuration list for PBXNativeTarget "Volt" */ = {
			isa = XCConfigurationList;
			buildConfigurations = (
				900000000000000000000002 /* Debug */,
				900000000000000000000003 /* Release */,
			);
			defaultConfigurationIsVisible = 0;
			defaultConfigurationName = Debug;
		};
		900000000000000000000004 /* Build configuration list for PBXProject "Volt" */ = {
			isa = XCConfigurationList;
			buildConfigurations = (
				900000000000000000000005 /* Debug */,
				900000000000000000000006 /* Release */,
			);
			defaultConfigurationIsVisible = 0;
			defaultConfigurationName = Debug;
		};
/* End XCConfigurationList section */
	};
	rootObject = 800000000000000000000001 /* Project object */;
}
